
Microsoft Visual Studio Solution File, Format Version 11.00
# Visual Studio 2010
Project("{8BC9CEB8-8B4A-11D0-8D11-00A0C91BC942}") = "STL_Test", "STL_Test\STL_Test.vcxproj", "{79B101EC-9D96-45EF-A25E-25A82928C546}"
EndProject
Global
	GlobalSection(SolutionConfigurationPlatforms) = preSolution
		Debug|Win32 = Debug|Win32
		Release|Win32 = Release|Win32
	EndGlobalSection
	GlobalSection(ProjectConfigurationPlatforms) = postSolution
		{79B101EC-9D96-45EF-A25E-25A82928C546}.Debug|Win32.ActiveCfg = Debug|Win32
		{79B101EC-9D96-45EF-A25E-25A82928C546}.Debug|Win32.Build.0 = Debug|Win32
		{79B101EC-9D96-45EF-A25E-25A82928C546}.Release|Win32.ActiveCfg = Release|Win32
		{79B101EC-9D96-45EF-A25E-25A82928C546}.Release|Win32.Build.0 = Release|Win32
	EndGlobalSection
	GlobalSection(SolutionProperties) = preSolution
		HideSolutionNode = FALSE
	EndGlobalSection
EndGlobal
