<?xml version="1.0" encoding="utf-8"?>
<Project ToolsVersion="4.0" xmlns="http://schemas.microsoft.com/developer/msbuild/2003">
  <ItemGroup>
    <Filter Include="소스 파일">
      <UniqueIdentifier>{4FC737F1-C7A5-4376-A066-2A32D752A2FF}</UniqueIdentifier>
      <Extensions>cpp;c;cc;cxx;def;odl;idl;hpj;bat;asm;asmx</Extensions>
    </Filter>
    <Filter Include="헤더 파일">
      <UniqueIdentifier>{93995380-89BD-4b04-88EB-625FBE52EBFB}</UniqueIdentifier>
      <Extensions>h;hpp;hxx;hm;inl;inc;xsd</Extensions>
    </Filter>
    <Filter Include="리소스 파일">
      <UniqueIdentifier>{67DA6AB6-F800-4c08-8B7A-83BB121AAD01}</UniqueIdentifier>
      <Extensions>rc;ico;cur;bmp;dlg;rc2;rct;bin;rgs;gif;jpg;jpeg;jpe;resx;tiff;tif;png;wav;mfcribbon-ms</Extensions>
    </Filter>
  </ItemGroup>
  <ItemGroup>
    <ClCompile Include="ex_01.cpp">
      <Filter>소스 파일</Filter>
    </ClCompile>
    <ClCompile Include="ex_02.cpp">
      <Filter>소스 파일</Filter>
    </ClCompile>
    <ClCompile Include="ex_03.cpp">
      <Filter>소스 파일</Filter>
    </ClCompile>
    <ClCompile Include="ex_04.cpp">
      <Filter>소스 파일</Filter>
    </ClCompile>
    <ClCompile Include="ex_05.cpp">
      <Filter>소스 파일</Filter>
    </ClCompile>
    <ClCompile Include="ex_06.cpp">
      <Filter>소스 파일</Filter>
    </ClCompile>
    <ClCompile Include="ex_07.cpp">
      <Filter>소스 파일</Filter>
    </ClCompile>
    <ClCompile Include="ex_08.cpp">
      <Filter>소스 파일</Filter>
    </ClCompile>
    <ClCompile Include="ex_09.cpp">
      <Filter>소스 파일</Filter>
    </ClCompile>
    <ClCompile Include="ex_10.cpp">
      <Filter>소스 파일</Filter>
    </ClCompile>
    <ClCompile Include="ex_11.cpp">
      <Filter>소스 파일</Filter>
    </ClCompile>
    <ClCompile Include="ex_12.cpp">
      <Filter>소스 파일</Filter>
    </ClCompile>
    <ClCompile Include="ex_13.cpp">
      <Filter>소스 파일</Filter>
    </ClCompile>
    <ClCompile Include="ex_14.cpp">
      <Filter>소스 파일</Filter>
    </ClCompile>
    <ClCompile Include="ex_15.cpp">
      <Filter>소스 파일</Filter>
    </ClCompile>
    <ClCompile Include="ex_16.cpp">
      <Filter>소스 파일</Filter>
    </ClCompile>
    <ClCompile Include="ex_17.cpp">
      <Filter>소스 파일</Filter>
    </ClCompile>
    <ClCompile Include="ex_18.cpp">
      <Filter>소스 파일</Filter>
    </ClCompile>
    <ClCompile Include="ex_19.cpp">
      <Filter>소스 파일</Filter>
    </ClCompile>
    <ClCompile Include="ex_20.cpp">
      <Filter>소스 파일</Filter>
    </ClCompile>
    <ClCompile Include="ex_21.cpp">
      <Filter>소스 파일</Filter>
    </ClCompile>
    <ClCompile Include="ex_22.cpp">
      <Filter>소스 파일</Filter>
    </ClCompile>
    <ClCompile Include="ex_23.cpp">
      <Filter>소스 파일</Filter>
    </ClCompile>
    <ClCompile Include="ex_24.cpp">
      <Filter>소스 파일</Filter>
    </ClCompile>
    <ClCompile Include="ex_44.cpp">
      <Filter>소스 파일</Filter>
    </ClCompile>
    <ClCompile Include="ex_47.cpp">
      <Filter>소스 파일</Filter>
    </ClCompile>
    <ClCompile Include="ex_51.cpp">
      <Filter>소스 파일</Filter>
    </ClCompile>
    <ClCompile Include="ex_52.cpp">
      <Filter>소스 파일</Filter>
    </ClCompile>
    <ClCompile Include="ex_55.cpp">
      <Filter>소스 파일</Filter>
    </ClCompile>
    <ClCompile Include="ex_59.cpp">
      <Filter>소스 파일</Filter>
    </ClCompile>
    <ClCompile Include="ex_66.cpp">
      <Filter>소스 파일</Filter>
    </ClCompile>
    <ClCompile Include="ex_88.cpp">
      <Filter>소스 파일</Filter>
    </ClCompile>
    <ClCompile Include="ex_106.cpp">
      <Filter>소스 파일</Filter>
    </ClCompile>
    <ClCompile Include="ex_126.cpp">
      <Filter>소스 파일</Filter>
    </ClCompile>
    <ClCompile Include="ex_127.cpp">
      <Filter>소스 파일</Filter>
    </ClCompile>
    <ClCompile Include="ex_128.cpp">
      <Filter>소스 파일</Filter>
    </ClCompile>
    <ClCompile Include="ex_130.cpp">
      <Filter>소스 파일</Filter>
    </ClCompile>
    <ClCompile Include="ex_110.cpp">
      <Filter>소스 파일</Filter>
    </ClCompile>
    <ClCompile Include="ex_111.cpp">
      <Filter>소스 파일</Filter>
    </ClCompile>
    <ClCompile Include="ex_113.cpp">
      <Filter>소스 파일</Filter>
    </ClCompile>
    <ClCompile Include="ex_121.cpp">
      <Filter>소스 파일</Filter>
    </ClCompile>
    <ClCompile Include="ex_122.cpp">
      <Filter>소스 파일</Filter>
    </ClCompile>
    <ClCompile Include="ex_142.cpp">
      <Filter>소스 파일</Filter>
    </ClCompile>
    <ClCompile Include="ex_151.cpp">
      <Filter>소스 파일</Filter>
    </ClCompile>
    <ClCompile Include="ex_164.cpp">
      <Filter>소스 파일</Filter>
    </ClCompile>
    <ClCompile Include="ex_165.cpp">
      <Filter>소스 파일</Filter>
    </ClCompile>
    <ClCompile Include="ex_166.cpp">
      <Filter>소스 파일</Filter>
    </ClCompile>
    <ClCompile Include="ex_167.cpp">
      <Filter>소스 파일</Filter>
    </ClCompile>
    <ClCompile Include="ex_168.cpp">
      <Filter>소스 파일</Filter>
    </ClCompile>
    <ClCompile Include="ex_170.cpp">
      <Filter>소스 파일</Filter>
    </ClCompile>
    <ClCompile Include="ex_169.cpp">
      <Filter>소스 파일</Filter>
    </ClCompile>
    <ClCompile Include="ex_171.cpp">
      <Filter>소스 파일</Filter>
    </ClCompile>
    <ClCompile Include="ex_172.cpp">
      <Filter>소스 파일</Filter>
    </ClCompile>
    <ClCompile Include="ex_173.cpp">
      <Filter>소스 파일</Filter>
    </ClCompile>
    <ClCompile Include="ex_174.cpp">
      <Filter>소스 파일</Filter>
    </ClCompile>
    <ClCompile Include="ex_175.cpp">
      <Filter>소스 파일</Filter>
    </ClCompile>
    <ClCompile Include="ex_176.cpp">
      <Filter>소스 파일</Filter>
    </ClCompile>
    <ClCompile Include="ex_177.cpp">
      <Filter>소스 파일</Filter>
    </ClCompile>
    <ClCompile Include="ex_178.cpp">
      <Filter>소스 파일</Filter>
    </ClCompile>
    <ClCompile Include="ex_179.cpp">
      <Filter>소스 파일</Filter>
    </ClCompile>
    <ClCompile Include="ex_180.cpp">
      <Filter>소스 파일</Filter>
    </ClCompile>
    <ClCompile Include="_union.c">
      <Filter>소스 파일</Filter>
    </ClCompile>
    <ClCompile Include="ex_181.cpp">
      <Filter>소스 파일</Filter>
    </ClCompile>
    <ClCompile Include="ex_182.cpp">
      <Filter>소스 파일</Filter>
    </ClCompile>
    <ClCompile Include="ex_183.cpp">
      <Filter>소스 파일</Filter>
    </ClCompile>
    <ClCompile Include="ex_184.cpp">
      <Filter>소스 파일</Filter>
    </ClCompile>
    <ClCompile Include="ex_185.cpp">
      <Filter>소스 파일</Filter>
    </ClCompile>
    <ClCompile Include="ex_186.cpp">
      <Filter>소스 파일</Filter>
    </ClCompile>
    <ClCompile Include="ex_187.cpp">
      <Filter>소스 파일</Filter>
    </ClCompile>
    <ClCompile Include="ex_188.cpp">
      <Filter>소스 파일</Filter>
    </ClCompile>
    <ClCompile Include="ex_190.cpp">
      <Filter>소스 파일</Filter>
    </ClCompile>
    <ClCompile Include="ex_197.cpp">
      <Filter>소스 파일</Filter>
    </ClCompile>
    <ClCompile Include="ex197_1.cpp">
      <Filter>소스 파일</Filter>
    </ClCompile>
  </ItemGroup>
  <ItemGroup>
    <ClInclude Include="ex_15.h">
      <Filter>헤더 파일</Filter>
    </ClInclude>
    <ClInclude Include="ex_164.h">
      <Filter>헤더 파일</Filter>
    </ClInclude>
    <ClInclude Include="ex_166.h">
      <Filter>헤더 파일</Filter>
    </ClInclude>
    <ClInclude Include="ex_167.h">
      <Filter>헤더 파일</Filter>
    </ClInclude>
    <ClInclude Include="ex_168.h">
      <Filter>헤더 파일</Filter>
    </ClInclude>
    <ClInclude Include="ex_169.h">
      <Filter>헤더 파일</Filter>
    </ClInclude>
    <ClInclude Include="ex_170.h">
      <Filter>헤더 파일</Filter>
    </ClInclude>
    <ClInclude Include="ex_171.h">
      <Filter>헤더 파일</Filter>
    </ClInclude>
    <ClInclude Include="ex_172.h">
      <Filter>헤더 파일</Filter>
    </ClInclude>
    <ClInclude Include="ex_179.h">
      <Filter>헤더 파일</Filter>
    </ClInclude>
    <ClInclude Include="ex_179_2.h">
      <Filter>헤더 파일</Filter>
    </ClInclude>
    <ClInclude Include="ex_179_3.h">
      <Filter>헤더 파일</Filter>
    </ClInclude>
    <ClInclude Include="ex_179_1.h">
      <Filter>헤더 파일</Filter>
    </ClInclude>
    <ClInclude Include="ex_184.h">
      <Filter>헤더 파일</Filter>
    </ClInclude>
    <ClInclude Include="ex_185.h">
      <Filter>헤더 파일</Filter>
    </ClInclude>
    <ClInclude Include="ex_185_1.h">
      <Filter>헤더 파일</Filter>
    </ClInclude>
    <ClInclude Include="ex_188.h">
      <Filter>헤더 파일</Filter>
    </ClInclude>
  </ItemGroup>
</Project>