
Microsoft Visual Studio Solution File, Format Version 12.00
# Visual Studio 14
VisualStudioVersion = 14.0.25420.1
MinimumVisualStudioVersion = 10.0.40219.1
Project("{FAE04EC0-301F-11D3-BF4B-00C04F79EFBC}") = "Autopocusing", "Autopocusing.csproj", "{5C65AEF1-66BC-4FF9-8F8A-E39D12977480}"
EndProject
Project("{FAE04EC0-301F-11D3-BF4B-00C04F79EFBC}") = "AF", "..\AF\AF.csproj", "{46C9DB4E-5BDB-4230-A2F7-75C7D874C47B}"
EndProject
Global
	GlobalSection(SolutionConfigurationPlatforms) = preSolution
		Debug|Any CPU = Debug|Any CPU
		Release|Any CPU = Release|Any CPU
	EndGlobalSection
	GlobalSection(ProjectConfigurationPlatforms) = postSolution
		{5C65AEF1-66BC-4FF9-8F8A-E39D12977480}.Debug|Any CPU.ActiveCfg = Debug|Any CPU
		{5C65AEF1-66BC-4FF9-8F8A-E39D12977480}.Debug|Any CPU.Build.0 = Debug|Any CPU
		{5C65AEF1-66BC-4FF9-8F8A-E39D12977480}.Release|Any CPU.ActiveCfg = Release|Any CPU
		{5C65AEF1-66BC-4FF9-8F8A-E39D12977480}.Release|Any CPU.Build.0 = Release|Any CPU
		{46C9DB4E-5BDB-4230-A2F7-75C7D874C47B}.Debug|Any CPU.ActiveCfg = Debug|Any CPU
		{46C9DB4E-5BDB-4230-A2F7-75C7D874C47B}.Debug|Any CPU.Build.0 = Debug|Any CPU
		{46C9DB4E-5BDB-4230-A2F7-75C7D874C47B}.Release|Any CPU.ActiveCfg = Release|Any CPU
		{46C9DB4E-5BDB-4230-A2F7-75C7D874C47B}.Release|Any CPU.Build.0 = Release|Any CPU
	EndGlobalSection
	GlobalSection(SolutionProperties) = preSolution
		HideSolutionNode = FALSE
	EndGlobalSection
EndGlobal
